
Microsoft Visual Studio Solution File, Format Version 12.00
# Visual Studio Version 16
VisualStudioVersion = 16.0.33027.164
MinimumVisualStudioVersion = 10.0.40219.1
Project("{2150E333-8FDC-42A3-9474-1A3956D46DE8}") = "JelLib", "JelLib", "{D2ACD939-D994-44CD-BE7A-100196197FF4}"
EndProject
Project("{FAE04EC0-301F-11D3-BF4B-00C04F79EFBC}") = "JelLib", "D:\01.Projects\00.공통\JellyLibrary\Code\JellyLibrary\JelLib\JelLib.csproj", "{3A7360B3-9FF2-4B41-9B7B-98F9DF6FA0B2}"
EndProject
Project("{FAE04EC0-301F-11D3-BF4B-00C04F79EFBC}") = "JelLib.Logger", "D:\01.Projects\00.공통\JellyLibrary\Code\JellyLibrary\JelLib.Logger\JelLib.Logger.csproj", "{64E5F428-AE28-4A76-A4F0-0785A36305AE}"
EndProject
Project("{FAE04EC0-301F-11D3-BF4B-00C04F79EFBC}") = "KGClient", "KGClient\KGClient.csproj", "{1B794FAC-B7A6-4A9D-B395-FFC52D568589}"
EndProject
Project("{FAE04EC0-301F-11D3-BF4B-00C04F79EFBC}") = "WCFJsonP", "WCFJsonP\WCFJsonP.csproj", "{FB540523-A597-4A37-AB30-8EDE2DB3A53A}"
EndProject
Global
	GlobalSection(SolutionConfigurationPlatforms) = preSolution
		Debug|Any CPU = Debug|Any CPU
		Release|Any CPU = Release|Any CPU
	EndGlobalSection
	GlobalSection(ProjectConfigurationPlatforms) = postSolution
		{3A7360B3-9FF2-4B41-9B7B-98F9DF6FA0B2}.Debug|Any CPU.ActiveCfg = Debug|Any CPU
		{3A7360B3-9FF2-4B41-9B7B-98F9DF6FA0B2}.Debug|Any CPU.Build.0 = Debug|Any CPU
		{3A7360B3-9FF2-4B41-9B7B-98F9DF6FA0B2}.Release|Any CPU.ActiveCfg = Release|Any CPU
		{3A7360B3-9FF2-4B41-9B7B-98F9DF6FA0B2}.Release|Any CPU.Build.0 = Release|Any CPU
		{64E5F428-AE28-4A76-A4F0-0785A36305AE}.Debug|Any CPU.ActiveCfg = Debug|Any CPU
		{64E5F428-AE28-4A76-A4F0-0785A36305AE}.Debug|Any CPU.Build.0 = Debug|Any CPU
		{64E5F428-AE28-4A76-A4F0-0785A36305AE}.Release|Any CPU.ActiveCfg = Release|Any CPU
		{64E5F428-AE28-4A76-A4F0-0785A36305AE}.Release|Any CPU.Build.0 = Release|Any CPU
		{1B794FAC-B7A6-4A9D-B395-FFC52D568589}.Debug|Any CPU.ActiveCfg = Debug|Any CPU
		{1B794FAC-B7A6-4A9D-B395-FFC52D568589}.Debug|Any CPU.Build.0 = Debug|Any CPU
		{1B794FAC-B7A6-4A9D-B395-FFC52D568589}.Release|Any CPU.ActiveCfg = Release|Any CPU
		{1B794FAC-B7A6-4A9D-B395-FFC52D568589}.Release|Any CPU.Build.0 = Release|Any CPU
		{FB540523-A597-4A37-AB30-8EDE2DB3A53A}.Debug|Any CPU.ActiveCfg = Debug|Any CPU
		{FB540523-A597-4A37-AB30-8EDE2DB3A53A}.Debug|Any CPU.Build.0 = Debug|Any CPU
		{FB540523-A597-4A37-AB30-8EDE2DB3A53A}.Release|Any CPU.ActiveCfg = Release|Any CPU
		{FB540523-A597-4A37-AB30-8EDE2DB3A53A}.Release|Any CPU.Build.0 = Release|Any CPU
	EndGlobalSection
	GlobalSection(SolutionProperties) = preSolution
		HideSolutionNode = FALSE
	EndGlobalSection
	GlobalSection(NestedProjects) = preSolution
		{3A7360B3-9FF2-4B41-9B7B-98F9DF6FA0B2} = {D2ACD939-D994-44CD-BE7A-100196197FF4}
		{64E5F428-AE28-4A76-A4F0-0785A36305AE} = {D2ACD939-D994-44CD-BE7A-100196197FF4}
	EndGlobalSection
	GlobalSection(ExtensibilityGlobals) = postSolution
		SolutionGuid = {A18FC5F6-4357-429B-A7E8-A23CA295524A}
	EndGlobalSection
EndGlobal
